{
    "_meta": {
        "hash": {
            "sha256": "9a007b4e9c95f5ee825cc42e5fc0dfa73eaa725fe4ff51a7934661bd9df340e2"
        },
        "pipfile-spec": 6,
        "requires": {
            "python_version": "3.10"
        },
        "sources": [
            {
                "name": "pypi",
                "url": "https://pypi.org/simple",
                "verify_ssl": true
            }
        ]
    },
    "default": {
        "feedparser": {
            "hashes": [
                "sha256:27da485f4637ce7163cdeab13a80312b93b7d0c1b775bef4a47629a3110bca51",
                "sha256:79c257d526d13b944e965f6095700587f27388e50ea16fd245babe4dfae7024f"
            ],
            "index": "pypi",
            "version": "==6.0.10"
        },
        "sgmllib3k": {
            "hashes": [
                "sha256:7868fb1c8bfa764c1ac563d3cf369c381d1325d36124933a726f29fcdaa812e9"
            ],
            "version": "==1.0.0"
        }
    },
    "develop": {}
}
